
Microsoft Visual Studio Solution File, Format Version 12.00
Project("{FAE04EC0-301F-11D3-BF4B-00C04F79EFBC}") = "cagmc.Response.Core", "cagmc.Response.Core\cagmc.Response.Core.csproj", "{7787E40B-E928-41ED-9B50-2273F3CE5D26}"
EndProject
Project("{FAE04EC0-301F-11D3-BF4B-00C04F79EFBC}") = "cagmc.Response.Extensions.Web", "cagmc.Response.Extensions.Web\cagmc.Response.Extensions.Web.csproj", "{D718AB87-C252-404E-83D2-2BE6DE6D01CB}"
EndProject
Project("{2150E333-8FDC-42A3-9474-1A3956D46DE8}") = "Samples", "Samples", "{248FB706-D478-4113-A495-CF1D92FC0E49}"
EndProject
Project("{FAE04EC0-301F-11D3-BF4B-00C04F79EFBC}") = "cagmc.Response.WebApi", "Samples\cagmc.Response.WebApi\cagmc.Response.WebApi.csproj", "{5CF65E16-21CE-4D8D-B62A-64813D3DACEE}"
EndProject
Project("{FAE04EC0-301F-11D3-BF4B-00C04F79EFBC}") = "cagmc.Response.WebApi.Test", "Samples\cagmc.Response.WebApi.Test\cagmc.Response.WebApi.Test.csproj", "{B6A42A50-3AFE-492E-9CDE-03DEAD7B144A}"
EndProject
Global
	GlobalSection(SolutionConfigurationPlatforms) = preSolution
		Debug|Any CPU = Debug|Any CPU
		Release|Any CPU = Release|Any CPU
	EndGlobalSection
	GlobalSection(ProjectConfigurationPlatforms) = postSolution
		{7787E40B-E928-41ED-9B50-2273F3CE5D26}.Debug|Any CPU.ActiveCfg = Debug|Any CPU
		{7787E40B-E928-41ED-9B50-2273F3CE5D26}.Debug|Any CPU.Build.0 = Debug|Any CPU
		{7787E40B-E928-41ED-9B50-2273F3CE5D26}.Release|Any CPU.ActiveCfg = Release|Any CPU
		{7787E40B-E928-41ED-9B50-2273F3CE5D26}.Release|Any CPU.Build.0 = Release|Any CPU
		{D718AB87-C252-404E-83D2-2BE6DE6D01CB}.Debug|Any CPU.ActiveCfg = Debug|Any CPU
		{D718AB87-C252-404E-83D2-2BE6DE6D01CB}.Debug|Any CPU.Build.0 = Debug|Any CPU
		{D718AB87-C252-404E-83D2-2BE6DE6D01CB}.Release|Any CPU.ActiveCfg = Release|Any CPU
		{D718AB87-C252-404E-83D2-2BE6DE6D01CB}.Release|Any CPU.Build.0 = Release|Any CPU
		{5CF65E16-21CE-4D8D-B62A-64813D3DACEE}.Debug|Any CPU.ActiveCfg = Debug|Any CPU
		{5CF65E16-21CE-4D8D-B62A-64813D3DACEE}.Debug|Any CPU.Build.0 = Debug|Any CPU
		{5CF65E16-21CE-4D8D-B62A-64813D3DACEE}.Release|Any CPU.ActiveCfg = Release|Any CPU
		{5CF65E16-21CE-4D8D-B62A-64813D3DACEE}.Release|Any CPU.Build.0 = Release|Any CPU
		{B6A42A50-3AFE-492E-9CDE-03DEAD7B144A}.Debug|Any CPU.ActiveCfg = Debug|Any CPU
		{B6A42A50-3AFE-492E-9CDE-03DEAD7B144A}.Debug|Any CPU.Build.0 = Debug|Any CPU
		{B6A42A50-3AFE-492E-9CDE-03DEAD7B144A}.Release|Any CPU.ActiveCfg = Release|Any CPU
		{B6A42A50-3AFE-492E-9CDE-03DEAD7B144A}.Release|Any CPU.Build.0 = Release|Any CPU
	EndGlobalSection
	GlobalSection(NestedProjects) = preSolution
		{5CF65E16-21CE-4D8D-B62A-64813D3DACEE} = {248FB706-D478-4113-A495-CF1D92FC0E49}
		{B6A42A50-3AFE-492E-9CDE-03DEAD7B144A} = {248FB706-D478-4113-A495-CF1D92FC0E49}
	EndGlobalSection
EndGlobal
